{
  "version": 4,
  "terraform_version": "1.4.6",
  "serial": 110,
  "lineage": "921b824b-e768-88d8-b8ca-d63a25df28ce",
  "outputs": {},
  "resources": [
    {
      "mode": "data",
      "type": "template_file",
      "name": "cloudinit",
      "provider": "provider[\"registry.terraform.io/hashicorp/template\"]",
      "instances": [
        {
          "schema_version": 0,
          "attributes": {
            "filename": null,
            "id": "5bc0db29c64e01511e22b7147bf4a33a5e942d953bedd6d66f4cb00754137af1",
            "rendered": "#cloud-config\nusers:\n  - name: ubuntu\n    groups: sudo\n    shell: /bin/bash\n    sudo: ['ALL=(ALL) NOPASSWD:ALL']\n    ssh_authorized_keys:\n      - ssh-rsa AAAAB3NzaC1yc2EAAAADAQABAAABgQDFv7rokkI3hZEhBI1IqeN4Pcr91ZQi0bQigkr4Y7GnDq3PBKMlKpijvDG5UOBS9OPbBP+s58Ojf0KwXxQ6Bb9Nhwz3n8S75gRcQGF2oYU8Ka4FGxZsZNBivMvMLhSCQXTJz9fvdHlucWyCMkTwioTHIZnszTd1mWuh4rCBzZ2VmRs2DDa3L/31vuMeC5LZLKAgVn3EQTm+wy3kWrpnQKEbQlkSEzOXcMSfKI30s1a2xMZQ84qK2fS4kzJkXDgqcoLq8ozjtC0JNfclv9RjAGRM5Oz0jZ41Yh7doFVB+jCkCY2c6b5YrZJl3a0aogvKRjtdsr9tQNfnBQq1NXlsO2ri3wc6Un1YQAqw0SrmH/J/Z48nHDp0yC+cMm5aBx30tq70tMMnMtTn+8mbOq1nIilZw0gVtcMO4SVSkrCABaIEAZ5bOJ27ZYqXZ8iSrpMu3/VA9amrUsMhU7gat/iKj0MeJcQHcRcICiqvdDNosLzEQ8wracLQ6nBS6imcSNCHEhc= marat@ubuntu\n\npackage_update: true\npackage_upgrade: false\npackages:\n - vim\n - nginx\n",
            "template": "#cloud-config\nusers:\n  - name: ubuntu\n    groups: sudo\n    shell: /bin/bash\n    sudo: ['ALL=(ALL) NOPASSWD:ALL']\n    ssh_authorized_keys:\n      - ${ssh_public_key}\npackage_update: true\npackage_upgrade: false\npackages:\n - vim\n - nginx\n",
            "vars": {
              "ssh_public_key": "ssh-rsa AAAAB3NzaC1yc2EAAAADAQABAAABgQDFv7rokkI3hZEhBI1IqeN4Pcr91ZQi0bQigkr4Y7GnDq3PBKMlKpijvDG5UOBS9OPbBP+s58Ojf0KwXxQ6Bb9Nhwz3n8S75gRcQGF2oYU8Ka4FGxZsZNBivMvMLhSCQXTJz9fvdHlucWyCMkTwioTHIZnszTd1mWuh4rCBzZ2VmRs2DDa3L/31vuMeC5LZLKAgVn3EQTm+wy3kWrpnQKEbQlkSEzOXcMSfKI30s1a2xMZQ84qK2fS4kzJkXDgqcoLq8ozjtC0JNfclv9RjAGRM5Oz0jZ41Yh7doFVB+jCkCY2c6b5YrZJl3a0aogvKRjtdsr9tQNfnBQq1NXlsO2ri3wc6Un1YQAqw0SrmH/J/Z48nHDp0yC+cMm5aBx30tq70tMMnMtTn+8mbOq1nIilZw0gVtcMO4SVSkrCABaIEAZ5bOJ27ZYqXZ8iSrpMu3/VA9amrUsMhU7gat/iKj0MeJcQHcRcICiqvdDNosLzEQ8wracLQ6nBS6imcSNCHEhc= marat@ubuntu\n"
            }
          },
          "sensitive_attributes": []
        }
      ]
    },
    {
      "module": "module.test-vm",
      "mode": "data",
      "type": "yandex_compute_image",
      "name": "my_image",
      "provider": "provider[\"registry.terraform.io/yandex-cloud/yandex\"]",
      "instances": [
        {
          "schema_version": 0,
          "attributes": {
            "created_at": "2023-08-28T10:52:26Z",
            "description": "ubuntu 20.04 lts",
            "family": "ubuntu-2004-lts",
            "folder_id": "standard-images",
            "id": "fd8pqclrbi85ektgehlf",
            "image_id": "fd8pqclrbi85ektgehlf",
            "labels": {},
            "min_disk_size": 5,
            "name": "ubuntu-20-04-lts-v20230828",
            "os_type": "linux",
            "pooled": true,
            "product_ids": [
              "f2ehd7p6soiko2qckfbq"
            ],
            "size": 4,
            "status": "ready"
          },
          "sensitive_attributes": []
        }
      ]
    },
    {
      "module": "module.test-vm",
      "mode": "managed",
      "type": "yandex_compute_instance",
      "name": "vm",
      "provider": "provider[\"registry.terraform.io/yandex-cloud/yandex\"]",
      "instances": [
        {
          "index_key": 0,
          "schema_version": 1,
          "attributes": {
            "allow_recreate": null,
            "allow_stopping_for_update": null,
            "boot_disk": [
              {
                "auto_delete": true,
                "device_name": "fhmr7rbsqia3vlrp09ug",
                "disk_id": "fhmr7rbsqia3vlrp09ug",
                "initialize_params": [
                  {
                    "block_size": 4096,
                    "description": "",
                    "image_id": "fd8pqclrbi85ektgehlf",
                    "name": "",
                    "size": 10,
                    "snapshot_id": "",
                    "type": "network-hdd"
                  }
                ],
                "mode": "READ_WRITE"
              }
            ],
            "created_at": "2023-08-30T12:56:56Z",
            "description": "TODO: description; {{terraform managed}}",
            "filesystem": [],
            "folder_id": "b1gamifnjr6h49otdp48",
            "fqdn": "develop-web-0.ru-central1.internal",
            "gpu_cluster_id": "",
            "hostname": "develop-web-0",
            "id": "fhmje5bsotf81sv66ii5",
            "labels": {
              "env": "develop",
              "project": "undefined"
            },
            "local_disk": [],
            "metadata": {
              "serial-port-enable": "1",
              "user-data": "#cloud-config\nusers:\n  - name: ubuntu\n    groups: sudo\n    shell: /bin/bash\n    sudo: ['ALL=(ALL) NOPASSWD:ALL']\n    ssh_authorized_keys:\n      - ssh-rsa AAAAB3NzaC1yc2EAAAADAQABAAABgQDFv7rokkI3hZEhBI1IqeN4Pcr91ZQi0bQigkr4Y7GnDq3PBKMlKpijvDG5UOBS9OPbBP+s58Ojf0KwXxQ6Bb9Nhwz3n8S75gRcQGF2oYU8Ka4FGxZsZNBivMvMLhSCQXTJz9fvdHlucWyCMkTwioTHIZnszTd1mWuh4rCBzZ2VmRs2DDa3L/31vuMeC5LZLKAgVn3EQTm+wy3kWrpnQKEbQlkSEzOXcMSfKI30s1a2xMZQ84qK2fS4kzJkXDgqcoLq8ozjtC0JNfclv9RjAGRM5Oz0jZ41Yh7doFVB+jCkCY2c6b5YrZJl3a0aogvKRjtdsr9tQNfnBQq1NXlsO2ri3wc6Un1YQAqw0SrmH/J/Z48nHDp0yC+cMm5aBx30tq70tMMnMtTn+8mbOq1nIilZw0gVtcMO4SVSkrCABaIEAZ5bOJ27ZYqXZ8iSrpMu3/VA9amrUsMhU7gat/iKj0MeJcQHcRcICiqvdDNosLzEQ8wracLQ6nBS6imcSNCHEhc= marat@ubuntu\n\npackage_update: true\npackage_upgrade: false\npackages:\n - vim\n - nginx\n"
            },
            "metadata_options": [
              {
                "aws_v1_http_endpoint": 1,
                "aws_v1_http_token": 2,
                "gce_http_endpoint": 1,
                "gce_http_token": 1
              }
            ],
            "name": "develop-web-0",
            "network_acceleration_type": "standard",
            "network_interface": [
              {
                "dns_record": [],
                "index": 0,
                "ip_address": "10.0.1.26",
                "ipv4": true,
                "ipv6": false,
                "ipv6_address": "",
                "ipv6_dns_record": [],
                "mac_address": "d0:0d:13:71:57:cc",
                "nat": true,
                "nat_dns_record": [],
                "nat_ip_address": "158.160.98.5",
                "nat_ip_version": "IPV4",
                "security_group_ids": [],
                "subnet_id": "e9bfrnm4n4jc6pm5hs37"
              }
            ],
            "placement_policy": [
              {
                "host_affinity_rules": [],
                "placement_group_id": ""
              }
            ],
            "platform_id": "standard-v1",
            "resources": [
              {
                "core_fraction": 5,
                "cores": 2,
                "gpus": 0,
                "memory": 1
              }
            ],
            "scheduling_policy": [
              {
                "preemptible": true
              }
            ],
            "secondary_disk": [],
            "service_account_id": "",
            "status": "running",
            "timeouts": {
              "create": null,
              "delete": null,
              "update": null
            },
            "zone": "ru-central1-a"
          },
          "sensitive_attributes": [],
          "private": "eyJlMmJmYjczMC1lY2FhLTExZTYtOGY4OC0zNDM2M2JjN2M0YzAiOnsiY3JlYXRlIjozMDAwMDAwMDAwMDAsImRlbGV0ZSI6MzAwMDAwMDAwMDAwLCJ1cGRhdGUiOjMwMDAwMDAwMDAwMH0sInNjaGVtYV92ZXJzaW9uIjoiMSJ9"
        },
        {
          "index_key": 1,
          "schema_version": 1,
          "attributes": {
            "allow_recreate": null,
            "allow_stopping_for_update": null,
            "boot_disk": [
              {
                "auto_delete": true,
                "device_name": "fhmton6j2mo9rimvooob",
                "disk_id": "fhmton6j2mo9rimvooob",
                "initialize_params": [
                  {
                    "block_size": 4096,
                    "description": "",
                    "image_id": "fd8pqclrbi85ektgehlf",
                    "name": "",
                    "size": 10,
                    "snapshot_id": "",
                    "type": "network-hdd"
                  }
                ],
                "mode": "READ_WRITE"
              }
            ],
            "created_at": "2023-08-30T12:55:30Z",
            "description": "TODO: description; {{terraform managed}}",
            "filesystem": [],
            "folder_id": "b1gamifnjr6h49otdp48",
            "fqdn": "develop-web-1.ru-central1.internal",
            "gpu_cluster_id": "",
            "hostname": "develop-web-1",
            "id": "fhmma4850ii708cjknij",
            "labels": {
              "env": "develop",
              "project": "undefined"
            },
            "local_disk": [],
            "metadata": {
              "serial-port-enable": "1",
              "user-data": "#cloud-config\nusers:\n  - name: ubuntu\n    groups: sudo\n    shell: /bin/bash\n    sudo: ['ALL=(ALL) NOPASSWD:ALL']\n    ssh_authorized_keys:\n      - ssh-rsa AAAAB3NzaC1yc2EAAAADAQABAAABgQDFv7rokkI3hZEhBI1IqeN4Pcr91ZQi0bQigkr4Y7GnDq3PBKMlKpijvDG5UOBS9OPbBP+s58Ojf0KwXxQ6Bb9Nhwz3n8S75gRcQGF2oYU8Ka4FGxZsZNBivMvMLhSCQXTJz9fvdHlucWyCMkTwioTHIZnszTd1mWuh4rCBzZ2VmRs2DDa3L/31vuMeC5LZLKAgVn3EQTm+wy3kWrpnQKEbQlkSEzOXcMSfKI30s1a2xMZQ84qK2fS4kzJkXDgqcoLq8ozjtC0JNfclv9RjAGRM5Oz0jZ41Yh7doFVB+jCkCY2c6b5YrZJl3a0aogvKRjtdsr9tQNfnBQq1NXlsO2ri3wc6Un1YQAqw0SrmH/J/Z48nHDp0yC+cMm5aBx30tq70tMMnMtTn+8mbOq1nIilZw0gVtcMO4SVSkrCABaIEAZ5bOJ27ZYqXZ8iSrpMu3/VA9amrUsMhU7gat/iKj0MeJcQHcRcICiqvdDNosLzEQ8wracLQ6nBS6imcSNCHEhc= marat@ubuntu\n\npackage_update: true\npackage_upgrade: false\npackages:\n - vim\n - nginx\n"
            },
            "metadata_options": [
              {
                "aws_v1_http_endpoint": 1,
                "aws_v1_http_token": 2,
                "gce_http_endpoint": 1,
                "gce_http_token": 1
              }
            ],
            "name": "develop-web-1",
            "network_acceleration_type": "standard",
            "network_interface": [
              {
                "dns_record": [],
                "index": 0,
                "ip_address": "10.0.1.5",
                "ipv4": true,
                "ipv6": false,
                "ipv6_address": "",
                "ipv6_dns_record": [],
                "mac_address": "d0:0d:16:51:10:50",
                "nat": true,
                "nat_dns_record": [],
                "nat_ip_address": "51.250.91.21",
                "nat_ip_version": "IPV4",
                "security_group_ids": [],
                "subnet_id": "e9bfrnm4n4jc6pm5hs37"
              }
            ],
            "placement_policy": [
              {
                "host_affinity_rules": [],
                "placement_group_id": ""
              }
            ],
            "platform_id": "standard-v1",
            "resources": [
              {
                "core_fraction": 5,
                "cores": 2,
                "gpus": 0,
                "memory": 1
              }
            ],
            "scheduling_policy": [
              {
                "preemptible": true
              }
            ],
            "secondary_disk": [],
            "service_account_id": "",
            "status": "running",
            "timeouts": {
              "create": null,
              "delete": null,
              "update": null
            },
            "zone": "ru-central1-a"
          },
          "sensitive_attributes": [],
          "private": "eyJlMmJmYjczMC1lY2FhLTExZTYtOGY4OC0zNDM2M2JjN2M0YzAiOnsiY3JlYXRlIjozMDAwMDAwMDAwMDAsImRlbGV0ZSI6MzAwMDAwMDAwMDAwLCJ1cGRhdGUiOjMwMDAwMDAwMDAwMH0sInNjaGVtYV92ZXJzaW9uIjoiMSJ9"
        }
      ]
    },
    {
      "module": "module.vpc_dev",
      "mode": "managed",
      "type": "yandex_vpc_network",
      "name": "develop",
      "provider": "provider[\"registry.terraform.io/yandex-cloud/yandex\"]",
      "instances": [
        {
          "schema_version": 0,
          "attributes": {
            "created_at": "2023-08-30T12:54:32Z",
            "default_security_group_id": "",
            "description": "",
            "folder_id": "b1gamifnjr6h49otdp48",
            "id": "enpm9m84bse79d54vf48",
            "labels": {},
            "name": "develop",
            "subnet_ids": [
              "e9bfrnm4n4jc6pm5hs37"
            ],
            "timeouts": {
              "create": null,
              "delete": null,
              "update": null
            }
          },
          "sensitive_attributes": [],
          "private": "eyJlMmJmYjczMC1lY2FhLTExZTYtOGY4OC0zNDM2M2JjN2M0YzAiOnsiY3JlYXRlIjo2MDAwMDAwMDAwMCwiZGVsZXRlIjo2MDAwMDAwMDAwMCwidXBkYXRlIjo2MDAwMDAwMDAwMH0sInNjaGVtYV92ZXJzaW9uIjoiMCJ9"
        }
      ]
    },
    {
      "module": "module.vpc_dev",
      "mode": "managed",
      "type": "yandex_vpc_subnet",
      "name": "develop",
      "provider": "provider[\"registry.terraform.io/yandex-cloud/yandex\"]",
      "instances": [
        {
          "schema_version": 0,
          "attributes": {
            "created_at": "2023-08-30T12:55:06Z",
            "description": "",
            "dhcp_options": [],
            "folder_id": "b1gamifnjr6h49otdp48",
            "id": "e9bfrnm4n4jc6pm5hs37",
            "labels": {},
            "name": "develop",
            "network_id": "enpm9m84bse79d54vf48",
            "route_table_id": "",
            "timeouts": {
              "create": null,
              "delete": null,
              "update": null
            },
            "v4_cidr_blocks": [
              "10.0.1.0/24"
            ],
            "v6_cidr_blocks": [],
            "zone": "ru-central1-a"
          },
          "sensitive_attributes": [],
          "private": "eyJlMmJmYjczMC1lY2FhLTExZTYtOGY4OC0zNDM2M2JjN2M0YzAiOnsiY3JlYXRlIjoxODAwMDAwMDAwMDAsImRlbGV0ZSI6MTgwMDAwMDAwMDAwLCJ1cGRhdGUiOjE4MDAwMDAwMDAwMH0sInNjaGVtYV92ZXJzaW9uIjoiMCJ9"
        }
      ]
    }
  ],
  "check_results": null
}
